
Microsoft Visual Studio Solution File, Format Version 12.00
# Visual Studio 15
Project("{FAE04EC0-301F-11D3-BF4B-00C04F79EFBC}") = "Assembly-CSharp", "Assembly-CSharp.csproj", "{CC9C4955-40BC-1E3A-E911-3FE9927D0AAA}"
EndProject
Project("{FAE04EC0-301F-11D3-BF4B-00C04F79EFBC}") = "Assembly-CSharp-Editor", "Assembly-CSharp-Editor.csproj", "{4F124749-7C14-D3B7-AD7F-A2EBAFBBB9C5}"
EndProject
Global
	GlobalSection(SolutionConfigurationPlatforms) = preSolution
		Debug|Any CPU = Debug|Any CPU
		Release|Any CPU = Release|Any CPU
	EndGlobalSection
	GlobalSection(ProjectConfigurationPlatforms) = postSolution
		{CC9C4955-40BC-1E3A-E911-3FE9927D0AAA}.Debug|Any CPU.ActiveCfg = Debug|Any CPU
		{CC9C4955-40BC-1E3A-E911-3FE9927D0AAA}.Debug|Any CPU.Build.0 = Debug|Any CPU
		{CC9C4955-40BC-1E3A-E911-3FE9927D0AAA}.Release|Any CPU.ActiveCfg = Release|Any CPU
		{CC9C4955-40BC-1E3A-E911-3FE9927D0AAA}.Release|Any CPU.Build.0 = Release|Any CPU
		{4F124749-7C14-D3B7-AD7F-A2EBAFBBB9C5}.Debug|Any CPU.ActiveCfg = Debug|Any CPU
		{4F124749-7C14-D3B7-AD7F-A2EBAFBBB9C5}.Debug|Any CPU.Build.0 = Debug|Any CPU
		{4F124749-7C14-D3B7-AD7F-A2EBAFBBB9C5}.Release|Any CPU.ActiveCfg = Release|Any CPU
		{4F124749-7C14-D3B7-AD7F-A2EBAFBBB9C5}.Release|Any CPU.Build.0 = Release|Any CPU
	EndGlobalSection
	GlobalSection(SolutionProperties) = preSolution
		HideSolutionNode = FALSE
	EndGlobalSection
EndGlobal
